
Microsoft Visual Studio Solution File, Format Version 12.00
# Visual Studio Version 17
VisualStudioVersion = 17.12.35527.113
MinimumVisualStudioVersion = 10.0.40219.1
Project("{FAE04EC0-301F-11D3-BF4B-00C04F79EFBC}") = "Transact", "Transact\Transact.csproj", "{15644002-5FAD-4BCA-A255-AF5B13508895}"
EndProject
Project("{FAE04EC0-301F-11D3-BF4B-00C04F79EFBC}") = "Bookstore.Transact", "Bookstore.Transact\Bookstore.Transact.csproj", "{C71F78B3-E342-4B9E-B915-C0774B9350AC}"
EndProject
Project("{FAE04EC0-301F-11D3-BF4B-00C04F79EFBC}") = "Bookstore.Data", "Bookstore.Data\Bookstore.Data.csproj", "{E2630BAC-7538-49A3-9141-270A8010EBC5}"
EndProject
Project("{FAE04EC0-301F-11D3-BF4B-00C04F79EFBC}") = "Bookstore.API", "Bookstore.API\Bookstore.API.csproj", "{200A09F7-A5FE-431C-AF57-8CECDC544F81}"
EndProject
Project("{FAE04EC0-301F-11D3-BF4B-00C04F79EFBC}") = "Bookstore.Models", "Bookstore.Models\Bookstore.Models.csproj", "{13C13456-A4FA-4216-889D-2BDFE7298542}"
EndProject
Project("{FAE04EC0-301F-11D3-BF4B-00C04F79EFBC}") = "Bookstore.Pay", "Bookstore.Pay\Bookstore.Pay.csproj", "{B8C01C89-9CE5-40C4-8F1B-564764CF50E7}"
EndProject
Project("{FAE04EC0-301F-11D3-BF4B-00C04F79EFBC}") = "Bookstore.Register", "Bookstore.Register\Bookstore.Register.csproj", "{2D6CC4B4-FF02-4603-910F-5396FF845719}"
EndProject
Project("{FAE04EC0-301F-11D3-BF4B-00C04F79EFBC}") = "Bookstore.Inventory", "Bookstore.Inventory\Bookstore.Inventory.csproj", "{53516A09-A3B2-40D8-A45A-03FFA7BB4B92}"
EndProject
Global
	GlobalSection(SolutionConfigurationPlatforms) = preSolution
		Debug|Any CPU = Debug|Any CPU
		Release|Any CPU = Release|Any CPU
	EndGlobalSection
	GlobalSection(ProjectConfigurationPlatforms) = postSolution
		{15644002-5FAD-4BCA-A255-AF5B13508895}.Debug|Any CPU.ActiveCfg = Debug|Any CPU
		{15644002-5FAD-4BCA-A255-AF5B13508895}.Debug|Any CPU.Build.0 = Debug|Any CPU
		{15644002-5FAD-4BCA-A255-AF5B13508895}.Release|Any CPU.ActiveCfg = Release|Any CPU
		{15644002-5FAD-4BCA-A255-AF5B13508895}.Release|Any CPU.Build.0 = Release|Any CPU
		{C71F78B3-E342-4B9E-B915-C0774B9350AC}.Debug|Any CPU.ActiveCfg = Debug|Any CPU
		{C71F78B3-E342-4B9E-B915-C0774B9350AC}.Debug|Any CPU.Build.0 = Debug|Any CPU
		{C71F78B3-E342-4B9E-B915-C0774B9350AC}.Release|Any CPU.ActiveCfg = Release|Any CPU
		{C71F78B3-E342-4B9E-B915-C0774B9350AC}.Release|Any CPU.Build.0 = Release|Any CPU
		{E2630BAC-7538-49A3-9141-270A8010EBC5}.Debug|Any CPU.ActiveCfg = Debug|Any CPU
		{E2630BAC-7538-49A3-9141-270A8010EBC5}.Debug|Any CPU.Build.0 = Debug|Any CPU
		{E2630BAC-7538-49A3-9141-270A8010EBC5}.Release|Any CPU.ActiveCfg = Release|Any CPU
		{E2630BAC-7538-49A3-9141-270A8010EBC5}.Release|Any CPU.Build.0 = Release|Any CPU
		{200A09F7-A5FE-431C-AF57-8CECDC544F81}.Debug|Any CPU.ActiveCfg = Debug|Any CPU
		{200A09F7-A5FE-431C-AF57-8CECDC544F81}.Debug|Any CPU.Build.0 = Debug|Any CPU
		{200A09F7-A5FE-431C-AF57-8CECDC544F81}.Release|Any CPU.ActiveCfg = Release|Any CPU
		{200A09F7-A5FE-431C-AF57-8CECDC544F81}.Release|Any CPU.Build.0 = Release|Any CPU
		{13C13456-A4FA-4216-889D-2BDFE7298542}.Debug|Any CPU.ActiveCfg = Debug|Any CPU
		{13C13456-A4FA-4216-889D-2BDFE7298542}.Debug|Any CPU.Build.0 = Debug|Any CPU
		{13C13456-A4FA-4216-889D-2BDFE7298542}.Release|Any CPU.ActiveCfg = Release|Any CPU
		{13C13456-A4FA-4216-889D-2BDFE7298542}.Release|Any CPU.Build.0 = Release|Any CPU
		{B8C01C89-9CE5-40C4-8F1B-564764CF50E7}.Debug|Any CPU.ActiveCfg = Debug|Any CPU
		{B8C01C89-9CE5-40C4-8F1B-564764CF50E7}.Debug|Any CPU.Build.0 = Debug|Any CPU
		{B8C01C89-9CE5-40C4-8F1B-564764CF50E7}.Release|Any CPU.ActiveCfg = Release|Any CPU
		{B8C01C89-9CE5-40C4-8F1B-564764CF50E7}.Release|Any CPU.Build.0 = Release|Any CPU
		{2D6CC4B4-FF02-4603-910F-5396FF845719}.Debug|Any CPU.ActiveCfg = Debug|Any CPU
		{2D6CC4B4-FF02-4603-910F-5396FF845719}.Debug|Any CPU.Build.0 = Debug|Any CPU
		{2D6CC4B4-FF02-4603-910F-5396FF845719}.Release|Any CPU.ActiveCfg = Release|Any CPU
		{2D6CC4B4-FF02-4603-910F-5396FF845719}.Release|Any CPU.Build.0 = Release|Any CPU
		{53516A09-A3B2-40D8-A45A-03FFA7BB4B92}.Debug|Any CPU.ActiveCfg = Debug|Any CPU
		{53516A09-A3B2-40D8-A45A-03FFA7BB4B92}.Debug|Any CPU.Build.0 = Debug|Any CPU
		{53516A09-A3B2-40D8-A45A-03FFA7BB4B92}.Release|Any CPU.ActiveCfg = Release|Any CPU
		{53516A09-A3B2-40D8-A45A-03FFA7BB4B92}.Release|Any CPU.Build.0 = Release|Any CPU
	EndGlobalSection
	GlobalSection(SolutionProperties) = preSolution
		HideSolutionNode = FALSE
	EndGlobalSection
EndGlobal
